schema: '2.0'
stages:
  data_ingestion:
    cmd: python src\data\data_ingestion.py
    deps:
    - path: src\data\data_ingestion.py
      hash: md5
      md5: e45d57a7a04d5d2cef1b4ac3b0ad417d
      size: 3245
    outs:
    - path: data\raw\test.csv
      hash: md5
      md5: 00e92fbd32276319d5b2efb0c047cd51
      size: 248475
    - path: data\raw\train.csv
      hash: md5
      md5: 0b51c9a20421c5215654dc30eb0cb163
      size: 579498
  data_preprocessing:
    cmd: python src\data\data_preprocessing.py
    deps:
    - path: data\raw\test.csv
      hash: md5
      md5: 00e92fbd32276319d5b2efb0c047cd51
      size: 248475
    - path: data\raw\train.csv
      hash: md5
      md5: 0b51c9a20421c5215654dc30eb0cb163
      size: 579498
    - path: src\data\data_preprocessing.py
      hash: md5
      md5: d2584b1e8089dac10462401304163929
      size: 5738
    outs:
    - path: data\processed\test.csv
      hash: md5
      md5: 77e002c6632d604c0bfd70d9b845847e
      size: 169992
    - path: data\processed\train.csv
      hash: md5
      md5: c91070b226cb06f9b54abdf85ebb2cd4
      size: 396218
  feature_engg:
    cmd: python src\features\feature_engg.py
    deps:
    - path: data\processed\test.csv
      hash: md5
      md5: 77e002c6632d604c0bfd70d9b845847e
      size: 169992
    - path: data\processed\train.csv
      hash: md5
      md5: c91070b226cb06f9b54abdf85ebb2cd4
      size: 396218
    - path: src\features\feature_engg.py
      hash: md5
      md5: f88128fbe0a9ab863806dae207beb55e
      size: 3481
    outs:
    - path: data\interim\test_tfidf.csv
      hash: md5
      md5: 1334a7181e77db6b70b2c2610662dfc9
      size: 2007348
    - path: data\interim\train_tfidf.csv
      hash: md5
      md5: 628376d3afe5f36bca4b5269dbe54d82
      size: 4686489
  modelling:
    cmd: python src\models\modelling.py
    deps:
    - path: data\interim\train_tfidf.csv
      hash: md5
      md5: 628376d3afe5f36bca4b5269dbe54d82
      size: 4686489
    - path: src\models\modelling.py
      hash: md5
      md5: 6578ea33e44d5d7954805fc3a46a215e
      size: 2848
    outs:
    - path: models\random_forest_model.pkl
      hash: md5
      md5: c7699c67f185023287c840a12bb7cc8e
      size: 860541
  model_evaluation:
    cmd: python src\models\model_evaluation.py
    deps:
    - path: data\interim\test_tfidf.csv
      hash: md5
      md5: 1334a7181e77db6b70b2c2610662dfc9
      size: 2007348
    - path: models\random_forest_model.pkl
      hash: md5
      md5: c7699c67f185023287c840a12bb7cc8e
      size: 860541
    - path: src\models\model_evaluation.py
      hash: md5
      md5: 1fd37729ad5881add45b3265aabc0f09
      size: 2926
    outs:
    - path: reports\evaluation_metrics.json
      hash: md5
      md5: de8c595236040282bcc0eed4cc5056f2
      size: 113
